
Microsoft Visual Studio Solution File, Format Version 12.00
# Visual Studio 15
Project("{FAE04EC0-301F-11D3-BF4B-00C04F79EFBC}") = "Assembly-CSharp", "Assembly-CSharp.csproj", "{875FA376-4D03-3784-2623-6CB30D299337}"
EndProject
Project("{FAE04EC0-301F-11D3-BF4B-00C04F79EFBC}") = "Assembly-CSharp-firstpass", "Assembly-CSharp-firstpass.csproj", "{44AD8BF4-976B-24D5-F031-F36DCC7F3C4B}"
EndProject
Project("{FAE04EC0-301F-11D3-BF4B-00C04F79EFBC}") = "Assembly-CSharp-Editor-firstpass", "Assembly-CSharp-Editor-firstpass.csproj", "{A6DCF77D-86F3-C4B8-CF42-36736F130FE7}"
EndProject
Global
	GlobalSection(SolutionConfigurationPlatforms) = preSolution
		Debug|Any CPU = Debug|Any CPU
		Release|Any CPU = Release|Any CPU
	EndGlobalSection
	GlobalSection(ProjectConfigurationPlatforms) = postSolution
		{875FA376-4D03-3784-2623-6CB30D299337}.Debug|Any CPU.ActiveCfg = Debug|Any CPU
		{875FA376-4D03-3784-2623-6CB30D299337}.Debug|Any CPU.Build.0 = Debug|Any CPU
		{875FA376-4D03-3784-2623-6CB30D299337}.Release|Any CPU.ActiveCfg = Release|Any CPU
		{875FA376-4D03-3784-2623-6CB30D299337}.Release|Any CPU.Build.0 = Release|Any CPU
		{44AD8BF4-976B-24D5-F031-F36DCC7F3C4B}.Debug|Any CPU.ActiveCfg = Debug|Any CPU
		{44AD8BF4-976B-24D5-F031-F36DCC7F3C4B}.Debug|Any CPU.Build.0 = Debug|Any CPU
		{44AD8BF4-976B-24D5-F031-F36DCC7F3C4B}.Release|Any CPU.ActiveCfg = Release|Any CPU
		{44AD8BF4-976B-24D5-F031-F36DCC7F3C4B}.Release|Any CPU.Build.0 = Release|Any CPU
		{A6DCF77D-86F3-C4B8-CF42-36736F130FE7}.Debug|Any CPU.ActiveCfg = Debug|Any CPU
		{A6DCF77D-86F3-C4B8-CF42-36736F130FE7}.Debug|Any CPU.Build.0 = Debug|Any CPU
		{A6DCF77D-86F3-C4B8-CF42-36736F130FE7}.Release|Any CPU.ActiveCfg = Release|Any CPU
		{A6DCF77D-86F3-C4B8-CF42-36736F130FE7}.Release|Any CPU.Build.0 = Release|Any CPU
	EndGlobalSection
	GlobalSection(SolutionProperties) = preSolution
		HideSolutionNode = FALSE
	EndGlobalSection
EndGlobal
