
Microsoft Visual Studio Solution File, Format Version 12.00
# Visual Studio 15
Project("{FAE04EC0-301F-11D3-BF4B-00C04F79EFBC}") = "Assembly-CSharp", "Assembly-CSharp.csproj", "{28E61806-4308-5DC6-77A4-97208C00F864}"
EndProject
Global
	GlobalSection(SolutionConfigurationPlatforms) = preSolution
		Debug|Any CPU = Debug|Any CPU
		Release|Any CPU = Release|Any CPU
	EndGlobalSection
	GlobalSection(ProjectConfigurationPlatforms) = postSolution
		{28E61806-4308-5DC6-77A4-97208C00F864}.Debug|Any CPU.ActiveCfg = Debug|Any CPU
		{28E61806-4308-5DC6-77A4-97208C00F864}.Debug|Any CPU.Build.0 = Debug|Any CPU
		{28E61806-4308-5DC6-77A4-97208C00F864}.Release|Any CPU.ActiveCfg = Release|Any CPU
		{28E61806-4308-5DC6-77A4-97208C00F864}.Release|Any CPU.Build.0 = Release|Any CPU
	EndGlobalSection
	GlobalSection(SolutionProperties) = preSolution
		HideSolutionNode = FALSE
	EndGlobalSection
EndGlobal
